// !$*UTF8*$!
{
	archiveVersion = 1;
	classes = {
	};
	objectVersion = 56;
	objects = {

/* Begin PBXBuildFile section */
		03651DFA2A83F8CC00AC413D /* TuDuApp.swift in Sources */ = {isa = PBXBuildFile; fileRef = 03651DF92A83F8CC00AC413D /* TuDuApp.swift */; };
		03651DFC2A83F8CC00AC413D /* MainView.swift in Sources */ = {isa = PBXBuildFile; fileRef = 03651DFB2A83F8CC00AC413D /* MainView.swift */; };
		03651DFE2A83F8CD00AC413D /* Assets.xcassets in Resources */ = {isa = PBXBuildFile; fileRef = 03651DFD2A83F8CD00AC413D /* Assets.xcassets */; };
		03651E012A83F8CD00AC413D /* Preview Assets.xcassets in Resources */ = {isa = PBXBuildFile; fileRef = 03651E002A83F8CD00AC413D /* Preview Assets.xcassets */; };
		03E640D52A83FFD30096CD47 /* FirebaseAuth in Frameworks */ = {isa = PBXBuildFile; productRef = 03E640D42A83FFD30096CD47 /* FirebaseAuth */; };
		03E640D72A83FFD30096CD47 /* FirebaseFirestore in Frameworks */ = {isa = PBXBuildFile; productRef = 03E640D62A83FFD30096CD47 /* FirebaseFirestore */; };
		03E640D92A83FFD30096CD47 /* FirebaseFirestoreSwift in Frameworks */ = {isa = PBXBuildFile; productRef = 03E640D82A83FFD30096CD47 /* FirebaseFirestoreSwift */; };
		03E640DD2A8400490096CD47 /* GoogleService-Info.plist in Resources */ = {isa = PBXBuildFile; fileRef = 03E640DC2A8400490096CD47 /* GoogleService-Info.plist */; };
		03E640E32A84031E0096CD47 /* ProfileView.swift in Sources */ = {isa = PBXBuildFile; fileRef = 03E640E22A84031E0096CD47 /* ProfileView.swift */; };
		03E640E52A8403320096CD47 /* ToDoListView.swift in Sources */ = {isa = PBXBuildFile; fileRef = 03E640E42A8403320096CD47 /* ToDoListView.swift */; };
		03E640E72A8403590096CD47 /* NewItemView.swift in Sources */ = {isa = PBXBuildFile; fileRef = 03E640E62A8403590096CD47 /* NewItemView.swift */; };
		03E640E92A8403620096CD47 /* LoginView.swift in Sources */ = {isa = PBXBuildFile; fileRef = 03E640E82A8403620096CD47 /* LoginView.swift */; };
		03E640EB2A84036F0096CD47 /* RegisterView.swift in Sources */ = {isa = PBXBuildFile; fileRef = 03E640EA2A84036E0096CD47 /* RegisterView.swift */; };
		03E640ED2A8403950096CD47 /* ToDoListItemView.swift in Sources */ = {isa = PBXBuildFile; fileRef = 03E640EC2A8403950096CD47 /* ToDoListItemView.swift */; };
		03E640EF2A8403B80096CD47 /* User.swift in Sources */ = {isa = PBXBuildFile; fileRef = 03E640EE2A8403B80096CD47 /* User.swift */; };
		03E640F12A8403C70096CD47 /* ToDoListItem.swift in Sources */ = {isa = PBXBuildFile; fileRef = 03E640F02A8403C70096CD47 /* ToDoListItem.swift */; };
		03E640F32A8403E60096CD47 /* MainViewViewModel.swift in Sources */ = {isa = PBXBuildFile; fileRef = 03E640F22A8403E60096CD47 /* MainViewViewModel.swift */; };
		03E640F52A8403FB0096CD47 /* ProfileViewViewModel.swift in Sources */ = {isa = PBXBuildFile; fileRef = 03E640F42A8403FB0096CD47 /* ProfileViewViewModel.swift */; };
		03E640F72A8404260096CD47 /* ToDoListViewViewModel.swift in Sources */ = {isa = PBXBuildFile; fileRef = 03E640F62A8404260096CD47 /* ToDoListViewViewModel.swift */; };
		03E640F92A8404470096CD47 /* NewItemViewViewModel.swift in Sources */ = {isa = PBXBuildFile; fileRef = 03E640F82A8404470096CD47 /* NewItemViewViewModel.swift */; };
		03E640FB2A8404640096CD47 /* LoginViewViewModel.swift in Sources */ = {isa = PBXBuildFile; fileRef = 03E640FA2A8404640096CD47 /* LoginViewViewModel.swift */; };
		03E640FD2A84047A0096CD47 /* RegisterViewViewModel.swift in Sources */ = {isa = PBXBuildFile; fileRef = 03E640FC2A84047A0096CD47 /* RegisterViewViewModel.swift */; };
		03E640FF2A8404930096CD47 /* ToDoListItemViewViewModel.swift in Sources */ = {isa = PBXBuildFile; fileRef = 03E640FE2A8404930096CD47 /* ToDoListItemViewViewModel.swift */; };
		03E641012A84075C0096CD47 /* HeaderView.swift in Sources */ = {isa = PBXBuildFile; fileRef = 03E641002A84075C0096CD47 /* HeaderView.swift */; };
		03E641032A840FAD0096CD47 /* TLButton.swift in Sources */ = {isa = PBXBuildFile; fileRef = 03E641022A840FAD0096CD47 /* TLButton.swift */; };
		03E641052A84A2EB0096CD47 /* Extension.swift in Sources */ = {isa = PBXBuildFile; fileRef = 03E641042A84A2EB0096CD47 /* Extension.swift */; };
		03E641072A962DC50096CD47 /* Launch Screen.storyboard in Resources */ = {isa = PBXBuildFile; fileRef = 03E641062A962DC50096CD47 /* Launch Screen.storyboard */; };
/* End PBXBuildFile section */

/* Begin PBXFileReference section */
		03651DF62A83F8CC00AC413D /* TuDu.app */ = {isa = PBXFileReference; explicitFileType = wrapper.application; includeInIndex = 0; path = TuDu.app; sourceTree = BUILT_PRODUCTS_DIR; };
		03651DF92A83F8CC00AC413D /* TuDuApp.swift */ = {isa = PBXFileReference; lastKnownFileType = sourcecode.swift; path = TuDuApp.swift; sourceTree = "<group>"; };
		03651DFB2A83F8CC00AC413D /* MainView.swift */ = {isa = PBXFileReference; lastKnownFileType = sourcecode.swift; path = MainView.swift; sourceTree = "<group>"; };
		03651DFD2A83F8CD00AC413D /* Assets.xcassets */ = {isa = PBXFileReference; lastKnownFileType = folder.assetcatalog; path = Assets.xcassets; sourceTree = "<group>"; };
		03651E002A83F8CD00AC413D /* Preview Assets.xcassets */ = {isa = PBXFileReference; lastKnownFileType = folder.assetcatalog; path = "Preview Assets.xcassets"; sourceTree = "<group>"; };
		03E640DC2A8400490096CD47 /* GoogleService-Info.plist */ = {isa = PBXFileReference; fileEncoding = 4; lastKnownFileType = text.plist.xml; path = "GoogleService-Info.plist"; sourceTree = "<group>"; };
		03E640E22A84031E0096CD47 /* ProfileView.swift */ = {isa = PBXFileReference; lastKnownFileType = sourcecode.swift; path = ProfileView.swift; sourceTree = "<group>"; };
		03E640E42A8403320096CD47 /* ToDoListView.swift */ = {isa = PBXFileReference; lastKnownFileType = sourcecode.swift; path = ToDoListView.swift; sourceTree = "<group>"; };
		03E640E62A8403590096CD47 /* NewItemView.swift */ = {isa = PBXFileReference; lastKnownFileType = sourcecode.swift; path = NewItemView.swift; sourceTree = "<group>"; };
		03E640E82A8403620096CD47 /* LoginView.swift */ = {isa = PBXFileReference; lastKnownFileType = sourcecode.swift; path = LoginView.swift; sourceTree = "<group>"; };
		03E640EA2A84036E0096CD47 /* RegisterView.swift */ = {isa = PBXFileReference; lastKnownFileType = sourcecode.swift; path = RegisterView.swift; sourceTree = "<group>"; };
		03E640EC2A8403950096CD47 /* ToDoListItemView.swift */ = {isa = PBXFileReference; lastKnownFileType = sourcecode.swift; path = ToDoListItemView.swift; sourceTree = "<group>"; };
		03E640EE2A8403B80096CD47 /* User.swift */ = {isa = PBXFileReference; lastKnownFileType = sourcecode.swift; path = User.swift; sourceTree = "<group>"; };
		03E640F02A8403C70096CD47 /* ToDoListItem.swift */ = {isa = PBXFileReference; lastKnownFileType = sourcecode.swift; path = ToDoListItem.swift; sourceTree = "<group>"; };
		03E640F22A8403E60096CD47 /* MainViewViewModel.swift */ = {isa = PBXFileReference; lastKnownFileType = sourcecode.swift; path = MainViewViewModel.swift; sourceTree = "<group>"; };
		03E640F42A8403FB0096CD47 /* ProfileViewViewModel.swift */ = {isa = PBXFileReference; lastKnownFileType = sourcecode.swift; path = ProfileViewViewModel.swift; sourceTree = "<group>"; };
		03E640F62A8404260096CD47 /* ToDoListViewViewModel.swift */ = {isa = PBXFileReference; lastKnownFileType = sourcecode.swift; path = ToDoListViewViewModel.swift; sourceTree = "<group>"; };
		03E640F82A8404470096CD47 /* NewItemViewViewModel.swift */ = {isa = PBXFileReference; lastKnownFileType = sourcecode.swift; path = NewItemViewViewModel.swift; sourceTree = "<group>"; };
		03E640FA2A8404640096CD47 /* LoginViewViewModel.swift */ = {isa = PBXFileReference; lastKnownFileType = sourcecode.swift; path = LoginViewViewModel.swift; sourceTree = "<group>"; };
		03E640FC2A84047A0096CD47 /* RegisterViewViewModel.swift */ = {isa = PBXFileReference; lastKnownFileType = sourcecode.swift; path = RegisterViewViewModel.swift; sourceTree = "<group>"; };
		03E640FE2A8404930096CD47 /* ToDoListItemViewViewModel.swift */ = {isa = PBXFileReference; lastKnownFileType = sourcecode.swift; path = ToDoListItemViewViewModel.swift; sourceTree = "<group>"; };
		03E641002A84075C0096CD47 /* HeaderView.swift */ = {isa = PBXFileReference; lastKnownFileType = sourcecode.swift; path = HeaderView.swift; sourceTree = "<group>"; };
		03E641022A840FAD0096CD47 /* TLButton.swift */ = {isa = PBXFileReference; lastKnownFileType = sourcecode.swift; path = TLButton.swift; sourceTree = "<group>"; };
		03E641042A84A2EB0096CD47 /* Extension.swift */ = {isa = PBXFileReference; lastKnownFileType = sourcecode.swift; path = Extension.swift; sourceTree = "<group>"; };
		03E641062A962DC50096CD47 /* Launch Screen.storyboard */ = {isa = PBXFileReference; lastKnownFileType = file.storyboard; path = "Launch Screen.storyboard"; sourceTree = "<group>"; };
/* End PBXFileReference section */

/* Begin PBXFrameworksBuildPhase section */
		03651DF32A83F8CC00AC413D /* Frameworks */ = {
			isa = PBXFrameworksBuildPhase;
			buildActionMask = 2147483647;
			files = (
				03E640D52A83FFD30096CD47 /* FirebaseAuth in Frameworks */,
				03E640D72A83FFD30096CD47 /* FirebaseFirestore in Frameworks */,
				03E640D92A83FFD30096CD47 /* FirebaseFirestoreSwift in Frameworks */,
			);
			runOnlyForDeploymentPostprocessing = 0;
		};
/* End PBXFrameworksBuildPhase section */

/* Begin PBXGroup section */
		03651DED2A83F8CC00AC413D = {
			isa = PBXGroup;
			children = (
				03651DF82A83F8CC00AC413D /* TuDu */,
				03651DF72A83F8CC00AC413D /* Products */,
			);
			sourceTree = "<group>";
		};
		03651DF72A83F8CC00AC413D /* Products */ = {
			isa = PBXGroup;
			children = (
				03651DF62A83F8CC00AC413D /* TuDu.app */,
			);
			name = Products;
			sourceTree = "<group>";
		};
		03651DF82A83F8CC00AC413D /* TuDu */ = {
			isa = PBXGroup;
			children = (
				03E640E12A84022C0096CD47 /* Other */,
				03E640E02A8402210096CD47 /* Models */,
				03E640DF2A8402160096CD47 /* ViewModels */,
				03E640DE2A8401EF0096CD47 /* View */,
				03651DFF2A83F8CD00AC413D /* Preview Content */,
			);
			path = TuDu;
			sourceTree = "<group>";
		};
		03651DFF2A83F8CD00AC413D /* Preview Content */ = {
			isa = PBXGroup;
			children = (
				03651E002A83F8CD00AC413D /* Preview Assets.xcassets */,
			);
			path = "Preview Content";
			sourceTree = "<group>";
		};
		03E640DE2A8401EF0096CD47 /* View */ = {
			isa = PBXGroup;
			children = (
				03651DFB2A83F8CC00AC413D /* MainView.swift */,
				03E640E22A84031E0096CD47 /* ProfileView.swift */,
				03E640E42A8403320096CD47 /* ToDoListView.swift */,
				03E640E62A8403590096CD47 /* NewItemView.swift */,
				03E640E82A8403620096CD47 /* LoginView.swift */,
				03E640EA2A84036E0096CD47 /* RegisterView.swift */,
				03E640EC2A8403950096CD47 /* ToDoListItemView.swift */,
				03E641002A84075C0096CD47 /* HeaderView.swift */,
				03E641022A840FAD0096CD47 /* TLButton.swift */,
			);
			path = View;
			sourceTree = "<group>";
		};
		03E640DF2A8402160096CD47 /* ViewModels */ = {
			isa = PBXGroup;
			children = (
				03E640F22A8403E60096CD47 /* MainViewViewModel.swift */,
				03E640F42A8403FB0096CD47 /* ProfileViewViewModel.swift */,
				03E640F62A8404260096CD47 /* ToDoListViewViewModel.swift */,
				03E640F82A8404470096CD47 /* NewItemViewViewModel.swift */,
				03E640FA2A8404640096CD47 /* LoginViewViewModel.swift */,
				03E640FC2A84047A0096CD47 /* RegisterViewViewModel.swift */,
				03E640FE2A8404930096CD47 /* ToDoListItemViewViewModel.swift */,
			);
			path = ViewModels;
			sourceTree = "<group>";
		};
		03E640E02A8402210096CD47 /* Models */ = {
			isa = PBXGroup;
			children = (
				03E640EE2A8403B80096CD47 /* User.swift */,
				03E640F02A8403C70096CD47 /* ToDoListItem.swift */,
			);
			path = Models;
			sourceTree = "<group>";
		};
		03E640E12A84022C0096CD47 /* Other */ = {
			isa = PBXGroup;
			children = (
				03E640DC2A8400490096CD47 /* GoogleService-Info.plist */,
				03651DF92A83F8CC00AC413D /* TuDuApp.swift */,
				03651DFD2A83F8CD00AC413D /* Assets.xcassets */,
				03E641042A84A2EB0096CD47 /* Extension.swift */,
				03E641062A962DC50096CD47 /* Launch Screen.storyboard */,
			);
			path = Other;
			sourceTree = "<group>";
		};
/* End PBXGroup section */

/* Begin PBXNativeTarget section */
		03651DF52A83F8CC00AC413D /* TuDu */ = {
			isa = PBXNativeTarget;
			buildConfigurationList = 03651E042A83F8CD00AC413D /* Build configuration list for PBXNativeTarget "TuDu" */;
			buildPhases = (
				03651DF22A83F8CC00AC413D /* Sources */,
				03651DF32A83F8CC00AC413D /* Frameworks */,
				03651DF42A83F8CC00AC413D /* Resources */,
			);
			buildRules = (
			);
			dependencies = (
			);
			name = TuDu;
			packageProductDependencies = (
				03E640D42A83FFD30096CD47 /* FirebaseAuth */,
				03E640D62A83FFD30096CD47 /* FirebaseFirestore */,
				03E640D82A83FFD30096CD47 /* FirebaseFirestoreSwift */,
			);
			productName = TuDu;
			productReference = 03651DF62A83F8CC00AC413D /* TuDu.app */;
			productType = "com.apple.product-type.application";
		};
/* End PBXNativeTarget section */

/* Begin PBXProject section */
		03651DEE2A83F8CC00AC413D /* Project object */ = {
			isa = PBXProject;
			attributes = {
				BuildIndependentTargetsInParallel = 1;
				LastSwiftUpdateCheck = 1430;
				LastUpgradeCheck = 1430;
				TargetAttributes = {
					03651DF52A83F8CC00AC413D = {
						CreatedOnToolsVersion = 14.3.1;
					};
				};
			};
			buildConfigurationList = 03651DF12A83F8CC00AC413D /* Build configuration list for PBXProject "TuDu" */;
			compatibilityVersion = "Xcode 14.0";
			developmentRegion = en;
			hasScannedForEncodings = 0;
			knownRegions = (
				en,
				Base,
			);
			mainGroup = 03651DED2A83F8CC00AC413D;
			packageReferences = (
				03E640D32A83FFD30096CD47 /* XCRemoteSwiftPackageReference "firebase-ios-sdk" */,
			);
			productRefGroup = 03651DF72A83F8CC00AC413D /* Products */;
			projectDirPath = "";
			projectRoot = "";
			targets = (
				03651DF52A83F8CC00AC413D /* TuDu */,
			);
		};
/* End PBXProject section */

/* Begin PBXResourcesBuildPhase section */
		03651DF42A83F8CC00AC413D /* Resources */ = {
			isa = PBXResourcesBuildPhase;
			buildActionMask = 2147483647;
			files = (
				03651E012A83F8CD00AC413D /* Preview Assets.xcassets in Resources */,
				03651DFE2A83F8CD00AC413D /* Assets.xcassets in Resources */,
				03E641072A962DC50096CD47 /* Launch Screen.storyboard in Resources */,
				03E640DD2A8400490096CD47 /* GoogleService-Info.plist in Resources */,
			);
			runOnlyForDeploymentPostprocessing = 0;
		};
/* End PBXResourcesBuildPhase section */

/* Begin PBXSourcesBuildPhase section */
		03651DF22A83F8CC00AC413D /* Sources */ = {
			isa = PBXSourcesBuildPhase;
			buildActionMask = 2147483647;
			files = (
				03E640E92A8403620096CD47 /* LoginView.swift in Sources */,
				03E641012A84075C0096CD47 /* HeaderView.swift in Sources */,
				03651DFC2A83F8CC00AC413D /* MainView.swift in Sources */,
				03E640FD2A84047A0096CD47 /* RegisterViewViewModel.swift in Sources */,
				03E640F32A8403E60096CD47 /* MainViewViewModel.swift in Sources */,
				03E640E32A84031E0096CD47 /* ProfileView.swift in Sources */,
				03E640EB2A84036F0096CD47 /* RegisterView.swift in Sources */,
				03E641032A840FAD0096CD47 /* TLButton.swift in Sources */,
				03E640F52A8403FB0096CD47 /* ProfileViewViewModel.swift in Sources */,
				03E640E52A8403320096CD47 /* ToDoListView.swift in Sources */,
				03E640EF2A8403B80096CD47 /* User.swift in Sources */,
				03E640ED2A8403950096CD47 /* ToDoListItemView.swift in Sources */,
				03E640F72A8404260096CD47 /* ToDoListViewViewModel.swift in Sources */,
				03E640FB2A8404640096CD47 /* LoginViewViewModel.swift in Sources */,
				03651DFA2A83F8CC00AC413D /* TuDuApp.swift in Sources */,
				03E641052A84A2EB0096CD47 /* Extension.swift in Sources */,
				03E640F12A8403C70096CD47 /* ToDoListItem.swift in Sources */,
				03E640E72A8403590096CD47 /* NewItemView.swift in Sources */,
				03E640F92A8404470096CD47 /* NewItemViewViewModel.swift in Sources */,
				03E640FF2A8404930096CD47 /* ToDoListItemViewViewModel.swift in Sources */,
			);
			runOnlyForDeploymentPostprocessing = 0;
		};
/* End PBXSourcesBuildPhase section */

/* Begin XCBuildConfiguration section */
		03651E022A83F8CD00AC413D /* Debug */ = {
			isa = XCBuildConfiguration;
			buildSettings = {
				ALWAYS_SEARCH_USER_PATHS = NO;
				CLANG_ANALYZER_NONNULL = YES;
				CLANG_ANALYZER_NUMBER_OBJECT_CONVERSION = YES_AGGRESSIVE;
				CLANG_CXX_LANGUAGE_STANDARD = "gnu++20";
				CLANG_ENABLE_MODULES = YES;
				CLANG_ENABLE_OBJC_ARC = YES;
				CLANG_ENABLE_OBJC_WEAK = YES;
				CLANG_WARN_BLOCK_CAPTURE_AUTORELEASING = YES;
				CLANG_WARN_BOOL_CONVERSION = YES;
				CLANG_WARN_COMMA = YES;
				CLANG_WARN_CONSTANT_CONVERSION = YES;
				CLANG_WARN_DEPRECATED_OBJC_IMPLEMENTATIONS = YES;
				CLANG_WARN_DIRECT_OBJC_ISA_USAGE = YES_ERROR;
				CLANG_WARN_DOCUMENTATION_COMMENTS = YES;
				CLANG_WARN_EMPTY_BODY = YES;
				CLANG_WARN_ENUM_CONVERSION = YES;
				CLANG_WARN_INFINITE_RECURSION = YES;
				CLANG_WARN_INT_CONVERSION = YES;
				CLANG_WARN_NON_LITERAL_NULL_CONVERSION = YES;
				CLANG_WARN_OBJC_IMPLICIT_RETAIN_SELF = YES;
				CLANG_WARN_OBJC_LITERAL_CONVERSION = YES;
				CLANG_WARN_OBJC_ROOT_CLASS = YES_ERROR;
				CLANG_WARN_QUOTED_INCLUDE_IN_FRAMEWORK_HEADER = YES;
				CLANG_WARN_RANGE_LOOP_ANALYSIS = YES;
				CLANG_WARN_STRICT_PROTOTYPES = YES;
				CLANG_WARN_SUSPICIOUS_MOVE = YES;
				CLANG_WARN_UNGUARDED_AVAILABILITY = YES_AGGRESSIVE;
				CLANG_WARN_UNREACHABLE_CODE = YES;
				CLANG_WARN__DUPLICATE_METHOD_MATCH = YES;
				COPY_PHASE_STRIP = NO;
				DEBUG_INFORMATION_FORMAT = dwarf;
				ENABLE_STRICT_OBJC_MSGSEND = YES;
				ENABLE_TESTABILITY = YES;
				GCC_C_LANGUAGE_STANDARD = gnu11;
				GCC_DYNAMIC_NO_PIC = NO;
				GCC_NO_COMMON_BLOCKS = YES;
				GCC_OPTIMIZATION_LEVEL = 0;
				GCC_PREPROCESSOR_DEFINITIONS = (
					"DEBUG=1",
					"$(inherited)",
				);
				GCC_WARN_64_TO_32_BIT_CONVERSION = YES;
				GCC_WARN_ABOUT_RETURN_TYPE = YES_ERROR;
				GCC_WARN_UNDECLARED_SELECTOR = YES;
				GCC_WARN_UNINITIALIZED_AUTOS = YES_AGGRESSIVE;
				GCC_WARN_UNUSED_FUNCTION = YES;
				GCC_WARN_UNUSED_VARIABLE = YES;
				IPHONEOS_DEPLOYMENT_TARGET = 16.4;
				MTL_ENABLE_DEBUG_INFO = INCLUDE_SOURCE;
				MTL_FAST_MATH = YES;
				ONLY_ACTIVE_ARCH = YES;
				SDKROOT = iphoneos;
				SWIFT_ACTIVE_COMPILATION_CONDITIONS = DEBUG;
				SWIFT_OPTIMIZATION_LEVEL = "-Onone";
			};
			name = Debug;
		};
		03651E032A83F8CD00AC413D /* Release */ = {
			isa = XCBuildConfiguration;
			buildSettings = {
				ALWAYS_SEARCH_USER_PATHS = NO;
				CLANG_ANALYZER_NONNULL = YES;
				CLANG_ANALYZER_NUMBER_OBJECT_CONVERSION = YES_AGGRESSIVE;
				CLANG_CXX_LANGUAGE_STANDARD = "gnu++20";
				CLANG_ENABLE_MODULES = YES;
				CLANG_ENABLE_OBJC_ARC = YES;
				CLANG_ENABLE_OBJC_WEAK = YES;
				CLANG_WARN_BLOCK_CAPTURE_AUTORELEASING = YES;
				CLANG_WARN_BOOL_CONVERSION = YES;
				CLANG_WARN_COMMA = YES;
				CLANG_WARN_CONSTANT_CONVERSION = YES;
				CLANG_WARN_DEPRECATED_OBJC_IMPLEMENTATIONS = YES;
				CLANG_WARN_DIRECT_OBJC_ISA_USAGE = YES_ERROR;
				CLANG_WARN_DOCUMENTATION_COMMENTS = YES;
				CLANG_WARN_EMPTY_BODY = YES;
				CLANG_WARN_ENUM_CONVERSION = YES;
				CLANG_WARN_INFINITE_RECURSION = YES;
				CLANG_WARN_INT_CONVERSION = YES;
				CLANG_WARN_NON_LITERAL_NULL_CONVERSION = YES;
				CLANG_WARN_OBJC_IMPLICIT_RETAIN_SELF = YES;
				CLANG_WARN_OBJC_LITERAL_CONVERSION = YES;
				CLANG_WARN_OBJC_ROOT_CLASS = YES_ERROR;
				CLANG_WARN_QUOTED_INCLUDE_IN_FRAMEWORK_HEADER = YES;
				CLANG_WARN_RANGE_LOOP_ANALYSIS = YES;
				CLANG_WARN_STRICT_PROTOTYPES = YES;
				CLANG_WARN_SUSPICIOUS_MOVE = YES;
				CLANG_WARN_UNGUARDED_AVAILABILITY = YES_AGGRESSIVE;
				CLANG_WARN_UNREACHABLE_CODE = YES;
				CLANG_WARN__DUPLICATE_METHOD_MATCH = YES;
				COPY_PHASE_STRIP = NO;
				DEBUG_INFORMATION_FORMAT = "dwarf-with-dsym";
				ENABLE_NS_ASSERTIONS = NO;
				ENABLE_STRICT_OBJC_MSGSEND = YES;
				GCC_C_LANGUAGE_STANDARD = gnu11;
				GCC_NO_COMMON_BLOCKS = YES;
				GCC_WARN_64_TO_32_BIT_CONVERSION = YES;
				GCC_WARN_ABOUT_RETURN_TYPE = YES_ERROR;
				GCC_WARN_UNDECLARED_SELECTOR = YES;
				GCC_WARN_UNINITIALIZED_AUTOS = YES_AGGRESSIVE;
				GCC_WARN_UNUSED_FUNCTION = YES;
				GCC_WARN_UNUSED_VARIABLE = YES;
				IPHONEOS_DEPLOYMENT_TARGET = 16.4;
				MTL_ENABLE_DEBUG_INFO = NO;
				MTL_FAST_MATH = YES;
				SDKROOT = iphoneos;
				SWIFT_COMPILATION_MODE = wholemodule;
				SWIFT_OPTIMIZATION_LEVEL = "-O";
				VALIDATE_PRODUCT = YES;
			};
			name = Release;
		};
		03651E052A83F8CD00AC413D /* Debug */ = {
			isa = XCBuildConfiguration;
			buildSettings = {
				ASSETCATALOG_COMPILER_APPICON_NAME = AppIcon;
				ASSETCATALOG_COMPILER_GLOBAL_ACCENT_COLOR_NAME = AccentColor;
				CODE_SIGN_STYLE = Automatic;
				CURRENT_PROJECT_VERSION = 1;
				DEVELOPMENT_ASSET_PATHS = "\"TuDu/Preview Content\"";
				ENABLE_PREVIEWS = YES;
				GENERATE_INFOPLIST_FILE = YES;
				INFOPLIST_KEY_CFBundleDisplayName = TuDu;
				INFOPLIST_KEY_UIApplicationSceneManifest_Generation = YES;
				INFOPLIST_KEY_UIApplicationSupportsIndirectInputEvents = YES;
				INFOPLIST_KEY_UILaunchScreen_Generation = YES;
				INFOPLIST_KEY_UILaunchStoryboardName = "Launch Screen.storyboard";
				INFOPLIST_KEY_UISupportedInterfaceOrientations = UIInterfaceOrientationPortrait;
				LD_RUNPATH_SEARCH_PATHS = (
					"$(inherited)",
					"@executable_path/Frameworks",
				);
				MARKETING_VERSION = 1.0;
				PRODUCT_BUNDLE_IDENTIFIER = TeSt.TuDu;
				PRODUCT_NAME = "$(TARGET_NAME)";
				SWIFT_EMIT_LOC_STRINGS = YES;
				SWIFT_VERSION = 5.0;
				TARGETED_DEVICE_FAMILY = "1,2";
			};
			name = Debug;
		};
		03651E062A83F8CD00AC413D /* Release */ = {
			isa = XCBuildConfiguration;
			buildSettings = {
				ASSETCATALOG_COMPILER_APPICON_NAME = AppIcon;
				ASSETCATALOG_COMPILER_GLOBAL_ACCENT_COLOR_NAME = AccentColor;
				CODE_SIGN_STYLE = Automatic;
				CURRENT_PROJECT_VERSION = 1;
				DEVELOPMENT_ASSET_PATHS = "\"TuDu/Preview Content\"";
				ENABLE_PREVIEWS = YES;
				GENERATE_INFOPLIST_FILE = YES;
				INFOPLIST_KEY_CFBundleDisplayName = TuDu;
				INFOPLIST_KEY_UIApplicationSceneManifest_Generation = YES;
				INFOPLIST_KEY_UIApplicationSupportsIndirectInputEvents = YES;
				INFOPLIST_KEY_UILaunchScreen_Generation = YES;
				INFOPLIST_KEY_UILaunchStoryboardName = "Launch Screen.storyboard";
				INFOPLIST_KEY_UISupportedInterfaceOrientations = UIInterfaceOrientationPortrait;
				LD_RUNPATH_SEARCH_PATHS = (
					"$(inherited)",
					"@executable_path/Frameworks",
				);
				MARKETING_VERSION = 1.0;
				PRODUCT_BUNDLE_IDENTIFIER = TeSt.TuDu;
				PRODUCT_NAME = "$(TARGET_NAME)";
				SWIFT_EMIT_LOC_STRINGS = YES;
				SWIFT_VERSION = 5.0;
				TARGETED_DEVICE_FAMILY = "1,2";
			};
			name = Release;
		};
/* End XCBuildConfiguration section */

/* Begin XCConfigurationList section */
		03651DF12A83F8CC00AC413D /* Build configuration list for PBXProject "TuDu" */ = {
			isa = XCConfigurationList;
			buildConfigurations = (
				03651E022A83F8CD00AC413D /* Debug */,
				03651E032A83F8CD00AC413D /* Release */,
			);
			defaultConfigurationIsVisible = 0;
			defaultConfigurationName = Release;
		};
		03651E042A83F8CD00AC413D /* Build configuration list for PBXNativeTarget "TuDu" */ = {
			isa = XCConfigurationList;
			buildConfigurations = (
				03651E052A83F8CD00AC413D /* Debug */,
				03651E062A83F8CD00AC413D /* Release */,
			);
			defaultConfigurationIsVisible = 0;
			defaultConfigurationName = Release;
		};
/* End XCConfigurationList section */

/* Begin XCRemoteSwiftPackageReference section */
		03E640D32A83FFD30096CD47 /* XCRemoteSwiftPackageReference "firebase-ios-sdk" */ = {
			isa = XCRemoteSwiftPackageReference;
			repositoryURL = "https://github.com/firebase/firebase-ios-sdk";
			requirement = {
				kind = upToNextMajorVersion;
				minimumVersion = 10.0.0;
			};
		};
/* End XCRemoteSwiftPackageReference section */

/* Begin XCSwiftPackageProductDependency section */
		03E640D42A83FFD30096CD47 /* FirebaseAuth */ = {
			isa = XCSwiftPackageProductDependency;
			package = 03E640D32A83FFD30096CD47 /* XCRemoteSwiftPackageReference "firebase-ios-sdk" */;
			productName = FirebaseAuth;
		};
		03E640D62A83FFD30096CD47 /* FirebaseFirestore */ = {
			isa = XCSwiftPackageProductDependency;
			package = 03E640D32A83FFD30096CD47 /* XCRemoteSwiftPackageReference "firebase-ios-sdk" */;
			productName = FirebaseFirestore;
		};
		03E640D82A83FFD30096CD47 /* FirebaseFirestoreSwift */ = {
			isa = XCSwiftPackageProductDependency;
			package = 03E640D32A83FFD30096CD47 /* XCRemoteSwiftPackageReference "firebase-ios-sdk" */;
			productName = FirebaseFirestoreSwift;
		};
/* End XCSwiftPackageProductDependency section */
	};
	rootObject = 03651DEE2A83F8CC00AC413D /* Project object */;
}
